{
  "version": 4,
  "terraform_version": "1.6.5",
  "serial": 86,
  "lineage": "8522d71f-61d0-8abb-9ebb-ac1f4199eb5d",
  "outputs": {},
  "resources": [
    {
      "mode": "data",
      "type": "aws_availability_zones",
      "name": "available",
      "provider": "provider[\"registry.terraform.io/hashicorp/aws\"]",
      "instances": [
        {
          "schema_version": 0,
          "attributes": {
            "all_availability_zones": null,
            "exclude_names": null,
            "exclude_zone_ids": null,
            "filter": null,
            "group_names": [
              "eu-west-2"
            ],
            "id": "eu-west-2",
            "names": [
              "eu-west-2a",
              "eu-west-2b",
              "eu-west-2c"
            ],
            "state": "available",
            "timeouts": null,
            "zone_ids": [
              "euw2-az2",
              "euw2-az3",
              "euw2-az1"
            ]
          },
          "sensitive_attributes": []
        }
      ]
    },
    {
      "mode": "data",
      "type": "aws_secretsmanager_secret",
      "name": "environment_management",
      "provider": "provider[\"registry.terraform.io/hashicorp/aws\"].testing-ci-user",
      "instances": [
        {
          "schema_version": 0,
          "attributes": {
            "arn": "arn:aws:secretsmanager:eu-west-2:946070829339:secret:environment_management-BLRCDb",
            "created_date": "2020-09-29T15:49:12Z",
            "description": "IDs for AWS-specific resources for environment management, such as organizational unit IDs",
            "id": "arn:aws:secretsmanager:eu-west-2:946070829339:secret:environment_management-BLRCDb",
            "kms_key_id": "3a3a75ec-8d13-4e37-9667-b0face89551b",
            "last_changed_date": "2024-04-30T09:39:57Z",
            "name": "environment_management",
            "policy": "{\"Statement\":[{\"Action\":[\"secretsmanager:GetSecretValue\",\"secretsmanager:GetResourcePolicy\",\"secretsmanager:DescribeSecret\"],\"Condition\":{\"ForAnyValue:StringLike\":{\"aws:PrincipalOrgPaths\":\"o-b2fpbzyd95/*/ou-j1kx-qxsrh1gv/*\"}},\"Effect\":\"Allow\",\"Principal\":{\"AWS\":\"*\"},\"Resource\":\"*\",\"Sid\":\"ReadOnlyFromModernisationPlatformOU\"}],\"Version\":\"2012-10-17\"}",
            "tags": {
              "application": "Modernisation Platform: Environments Management",
              "business-unit": "Platforms",
              "is-production": "true",
              "owner": "Modernisation Platform: modernisation-platform@digital.justice.gov.uk"
            }
          },
          "sensitive_attributes": [
            [
              {
                "type": "get_attr",
                "value": "arn"
              }
            ]
          ]
        }
      ]
    },
    {
      "mode": "data",
      "type": "aws_secretsmanager_secret_version",
      "name": "environment_management",
      "provider": "provider[\"registry.terraform.io/hashicorp/aws\"].testing-ci-user",
      "instances": [
        {
          "schema_version": 0,
          "attributes": {
            "arn": "arn:aws:secretsmanager:eu-west-2:946070829339:secret:environment_management-BLRCDb",
            "created_date": "2024-04-30T09:39:57Z",
            "id": "arn:aws:secretsmanager:eu-west-2:946070829339:secret:environment_management-BLRCDb|AWSCURRENT",
            "secret_binary": "",
            "secret_id": "arn:aws:secretsmanager:eu-west-2:946070829339:secret:environment_management-BLRCDb",
            "secret_string": "{\"account_ids\":{\"analytical-platform-compute-development\":\"381491960855\",\"analytical-platform-compute-production\":\"992382429243\",\"analytical-platform-compute-test\":\"767397661611\",\"analytical-platform-data-development\":\"803963757240\",\"analytical-platform-data-engineering-production\":\"189157455002\",\"analytical-platform-data-engineering-sandboxa\":\"684969100054\",\"analytical-platform-data-production\":\"593291632749\",\"analytical-platform-development\":\"525294151996\",\"analytical-platform-ingestion-development\":\"730335344807\",\"analytical-platform-ingestion-production\":\"471112983409\",\"analytical-platform-landing-production\":\"335823981503\",\"analytical-platform-management-production\":\"042130406152\",\"analytical-platform-production\":\"312423030077\",\"apex-development\":\"573115265413\",\"apex-preproduction\":\"167885717661\",\"apex-production\":\"485410571589\",\"apex-test\":\"763471180338\",\"bichard7-sandbox-a\":\"454061736096\",\"bichard7-sandbox-b\":\"108839434327\",\"bichard7-sandbox-c\":\"744728743481\",\"bichard7-sandbox-shared\":\"258361008057\",\"bichard7-shared\":\"497078235711\",\"bichard7-test-current\":\"439237763202\",\"bichard7-test-next\":\"581823340673\",\"ccms-ebs-development\":\"767123802783\",\"ccms-ebs-preproduction\":\"916521471442\",\"ccms-ebs-production\":\"285499101317\",\"ccms-ebs-test\":\"249362002469\",\"ccms-ebs-upgrade-development\":\"295992623913\",\"ccms-ebs-upgrade-test\":\"730335523459\",\"cdpt-chaps-development\":\"513884314856\",\"cdpt-chaps-preproduction\":\"631213771998\",\"cdpt-chaps-production\":\"653875321404\",\"cdpt-ifs-development\":\"224131490563\",\"cdpt-ifs-preproduction\":\"425030398367\",\"cdpt-ifs-production\":\"887445309397\",\"cica-copilot-development\":\"321388111150\",\"cica-data-extraction-development\":\"891377083667\",\"contract-work-administration-development\":\"381492101152\",\"contract-work-administration-preproduction\":\"992382556821\",\"contract-work-administration-production\":\"891377352109\",\"contract-work-administration-test\":\"767398105171\",\"cooker-development\":\"236861075084\",\"core-logging-production\":\"624384546187\",\"core-network-services-production\":\"505974653433\",\"core-sandbox-dev\":\"763252494486\",\"core-security-production\":\"744927879746\",\"core-shared-services-production\":\"374269020027\",\"core-vpc-development\":\"991589384446\",\"core-vpc-preproduction\":\"453136268281\",\"core-vpc-production\":\"278663825216\",\"core-vpc-sandbox\":\"267053793615\",\"core-vpc-test\":\"794399914478\",\"corporate-staff-rostering-development\":\"984329015469\",\"corporate-staff-rostering-preproduction\":\"754260907303\",\"corporate-staff-rostering-production\":\"221841889672\",\"corporate-staff-rostering-test\":\"950286732765\",\"dacp-development\":\"971346829878\",\"dacp-preproduction\":\"621717477303\",\"dacp-production\":\"500540837707\",\"data-and-insights-wepi-development\":\"289153439536\",\"data-and-insights-wepi-preproduction\":\"189100541811\",\"data-and-insights-wepi-production\":\"866445910544\",\"data-platform-apps-and-tools-development\":\"335889174965\",\"data-platform-apps-and-tools-production\":\"096705367497\",\"data-platform-compute-development\":\"010629933929\",\"data-platform-compute-production\":\"936294999754\",\"data-platform-development\":\"013433889002\",\"data-platform-preproduction\":\"386657846332\",\"data-platform-production\":\"209019631331\",\"data-platform-test\":\"259787491607\",\"delius-core-development\":\"326912278139\",\"delius-core-test\":\"673591086753\",\"delius-iaps-development\":\"744472264485\",\"delius-iaps-preproduction\":\"247467087019\",\"delius-iaps-production\":\"936195311149\",\"delius-jitbit-development\":\"142262177450\",\"delius-jitbit-preproduction\":\"943549848545\",\"delius-jitbit-production\":\"030357575975\",\"delius-jitbit-test\":\"374375479725\",\"delius-mis-development\":\"891377175249\",\"delius-mis-preproduction\":\"471112751565\",\"delius-mis-production\":\"590183722357\",\"delius-mis-test\":\"381492116631\",\"delius-nextcloud-development\":\"730335481788\",\"delius-nextcloud-preproduction\":\"637423206978\",\"delius-nextcloud-production\":\"905418244634\",\"delius-nextcloud-test\":\"637423185119\",\"digital-prison-reporting-development\":\"771283872747\",\"digital-prison-reporting-preproduction\":\"972272129531\",\"digital-prison-reporting-production\":\"004723187462\",\"digital-prison-reporting-test\":\"203591025782\",\"edw-development\":\"211125731383\",\"edw-preproduction\":\"590184068655\",\"edw-production\":\"654654289228\",\"edw-test\":\"339713144204\",\"electronic-monitoring-data-development\":\"800964199911\",\"electronic-monitoring-data-production\":\"976799291502\",\"equip-development\":\"608897814635\",\"equip-production\":\"647473535058\",\"eric-production\":\"588871925111\",\"eric-test\":\"285550827920\",\"example-development\":\"083957762049\",\"hmpps-domain-services-development\":\"139351334100\",\"hmpps-domain-services-preproduction\":\"228371063224\",\"hmpps-domain-services-production\":\"905761223702\",\"hmpps-domain-services-test\":\"161282055413\",\"hmpps-intelligence-management-development\":\"720459241262\",\"hmpps-intelligence-management-production\":\"198773633726\",\"hmpps-oem-development\":\"142645754276\",\"hmpps-oem-preproduction\":\"128485831926\",\"hmpps-oem-production\":\"411333525523\",\"hmpps-oem-test\":\"775245656481\",\"laa-ccms-infra-azure-ad-sso-development\":\"636100868237\",\"laa-oem-development\":\"957302878571\",\"laa-oem-preproduction\":\"937685963760\",\"laa-oem-production\":\"187373622398\",\"laa-oem-test\":\"552461967032\",\"long-term-storage-production\":\"421101632357\",\"maat-development\":\"580202064026\",\"maat-preproduction\":\"683570711159\",\"maat-production\":\"382546929470\",\"maat-test\":\"608611873248\",\"maatdb-development\":\"110341342196\",\"mi-platform-development\":\"967617145656\",\"mlra-development\":\"890609150221\",\"mlra-preproduction\":\"326671778942\",\"mlra-production\":\"222700158270\",\"mlra-test\":\"965215663362\",\"moj-network-operations-centre-preproduction\":\"724777394818\",\"moj-network-operations-centre-production\":\"208632142291\",\"mojfin-development\":\"337528781544\",\"mojfin-production\":\"953588221975\",\"mojfin-test\":\"363494522708\",\"ncas-development\":\"734966114400\",\"ncas-preproduction\":\"399776819968\",\"ncas-production\":\"077274413728\",\"nomis-combined-reporting-development\":\"109202698306\",\"nomis-combined-reporting-preproduction\":\"584696259367\",\"nomis-combined-reporting-production\":\"096098619724\",\"nomis-combined-reporting-test\":\"063212099033\",\"nomis-data-hub-development\":\"128054624476\",\"nomis-data-hub-preproduction\":\"998060512091\",\"nomis-data-hub-production\":\"896839021283\",\"nomis-data-hub-test\":\"144961511423\",\"nomis-development\":\"327850556621\",\"nomis-preproduction\":\"145445613877\",\"nomis-production\":\"272983201692\",\"nomis-test\":\"612659970365\",\"oas-development\":\"711138931639\",\"oas-preproduction\":\"252815677567\",\"oas-production\":\"183243495315\",\"oas-test\":\"500816998080\",\"oasys-development\":\"003430027717\",\"oasys-national-reporting-development\":\"590183832477\",\"oasys-national-reporting-preproduction\":\"851725495286\",\"oasys-national-reporting-production\":\"339713007864\",\"oasys-national-reporting-test\":\"590184072468\",\"oasys-preproduction\":\"450842467489\",\"oasys-production\":\"006231045038\",\"oasys-test\":\"546088120047\",\"observability-platform-development\":\"915524366300\",\"observability-platform-production\":\"319748487814\",\"operations-engineering-development\":\"211125434264\",\"opg-lpa-data-store-development\":\"493907465011\",\"performance-hub-development\":\"938841708445\",\"performance-hub-preproduction\":\"322518575883\",\"performance-hub-production\":\"143664002102\",\"planetfm-development\":\"326533041175\",\"planetfm-preproduction\":\"180609874479\",\"planetfm-production\":\"863036003053\",\"planetfm-test\":\"916099804813\",\"portal-development\":\"051234116874\",\"portal-preproduction\":\"716243088186\",\"portal-production\":\"865680895662\",\"portal-test\":\"530145168675\",\"ppud-development\":\"075585660276\",\"ppud-preproduction\":\"172753231260\",\"ppud-production\":\"817985104434\",\"pra-register-development\":\"704585569527\",\"pra-register-preproduction\":\"571270819804\",\"pra-register-production\":\"303170019013\",\"refer-monitor-development\":\"534609872573\",\"sprinkler-development\":\"348456244381\",\"tariff-development\":\"566373822119\",\"testing-test\":\"836052629367\",\"tipstaff-development\":\"913862848426\",\"tipstaff-preproduction\":\"842764906196\",\"tipstaff-production\":\"017977998587\",\"tribunals-development\":\"263310006819\",\"tribunals-preproduction\":\"821197214903\",\"tribunals-production\":\"259340111150\",\"wardship-development\":\"287639050124\",\"wardship-preproduction\":\"600508686860\",\"wardship-production\":\"077344000950\",\"xhibit-portal-development\":\"276038508461\",\"xhibit-portal-preproduction\":\"257452857869\",\"xhibit-portal-production\":\"674345106521\"},\"aws_organizations_root_account_id\":\"295814833350\",\"modernisation_platform_account_id\":\"946070829339\",\"modernisation_platform_organisation_unit_id\":\"ou-j1kx-qxsrh1gv\",\"ssm_resource_sync_bucket_name\":\"ssm-resource-sync-50974883831\",\"ssm_resource_sync_kms_arn\":\"arn:aws:kms:eu-west-2:245753150946:key/62460378-137f-4b77-9a62-2251569be5bc\"}",
            "version_id": "terraform-20240430093957184900000001",
            "version_stage": "AWSCURRENT",
            "version_stages": [
              "AWSCURRENT"
            ]
          },
          "sensitive_attributes": []
        }
      ]
    },
    {
      "mode": "data",
      "type": "aws_ssm_parameter",
      "name": "environment_management_arn",
      "provider": "provider[\"registry.terraform.io/hashicorp/aws\"].testing-ci-user",
      "instances": [
        {
          "schema_version": 0,
          "attributes": {
            "arn": "arn:aws:ssm:eu-west-2:836052629367:parameter/environment_management_arn",
            "id": "environment_management_arn",
            "insecure_value": "",
            "name": "environment_management_arn",
            "type": "SecureString",
            "value": "arn:aws:secretsmanager:eu-west-2:946070829339:secret:environment_management-BLRCDb",
            "version": 1,
            "with_decryption": true
          },
          "sensitive_attributes": []
        }
      ]
    },
    {
      "mode": "managed",
      "type": "aws_route_table",
      "name": "protected",
      "provider": "provider[\"registry.terraform.io/hashicorp/aws\"]",
      "instances": [
        {
          "schema_version": 0,
          "attributes": {
            "arn": "arn:aws:ec2:eu-west-2:836052629367:route-table/rtb-05a88f9687e0bb25b",
            "id": "rtb-05a88f9687e0bb25b",
            "owner_id": "836052629367",
            "propagating_vgws": [],
            "route": [],
            "tags": {
              "Environment": "test",
              "Name": "testing-protected"
            },
            "tags_all": {
              "Environment": "test",
              "Name": "testing-protected"
            },
            "timeouts": null,
            "vpc_id": "vpc-0054308c4b7ed3d6f"
          },
          "sensitive_attributes": [],
          "private": "eyJlMmJmYjczMC1lY2FhLTExZTYtOGY4OC0zNDM2M2JjN2M0YzAiOnsiY3JlYXRlIjozMDAwMDAwMDAwMDAsImRlbGV0ZSI6MzAwMDAwMDAwMDAwLCJ1cGRhdGUiOjEyMDAwMDAwMDAwMH19",
          "dependencies": [
            "aws_vpc.vpc",
            "data.aws_secretsmanager_secret.environment_management",
            "data.aws_secretsmanager_secret_version.environment_management",
            "data.aws_ssm_parameter.environment_management_arn"
          ]
        }
      ]
    },
    {
      "mode": "managed",
      "type": "aws_route_table",
      "name": "route_tables",
      "provider": "provider[\"registry.terraform.io/hashicorp/aws\"]",
      "instances": [
        {
          "index_key": "general-data",
          "schema_version": 0,
          "attributes": {
            "arn": "arn:aws:ec2:eu-west-2:836052629367:route-table/rtb-04696074898b21688",
            "id": "rtb-04696074898b21688",
            "owner_id": "836052629367",
            "propagating_vgws": [],
            "route": [],
            "tags": {
              "Environment": "test",
              "Name": "testing-general-data"
            },
            "tags_all": {
              "Environment": "test",
              "Name": "testing-general-data"
            },
            "timeouts": null,
            "vpc_id": "vpc-0054308c4b7ed3d6f"
          },
          "sensitive_attributes": [],
          "private": "eyJlMmJmYjczMC1lY2FhLTExZTYtOGY4OC0zNDM2M2JjN2M0YzAiOnsiY3JlYXRlIjozMDAwMDAwMDAwMDAsImRlbGV0ZSI6MzAwMDAwMDAwMDAwLCJ1cGRhdGUiOjEyMDAwMDAwMDAwMH19",
          "dependencies": [
            "aws_vpc.vpc",
            "data.aws_availability_zones.available",
            "data.aws_secretsmanager_secret.environment_management",
            "data.aws_secretsmanager_secret_version.environment_management",
            "data.aws_ssm_parameter.environment_management_arn"
          ]
        },
        {
          "index_key": "general-private",
          "schema_version": 0,
          "attributes": {
            "arn": "arn:aws:ec2:eu-west-2:836052629367:route-table/rtb-0d25b7724032d0b03",
            "id": "rtb-0d25b7724032d0b03",
            "owner_id": "836052629367",
            "propagating_vgws": [],
            "route": [],
            "tags": {
              "Environment": "test",
              "Name": "testing-general-private"
            },
            "tags_all": {
              "Environment": "test",
              "Name": "testing-general-private"
            },
            "timeouts": null,
            "vpc_id": "vpc-0054308c4b7ed3d6f"
          },
          "sensitive_attributes": [],
          "private": "eyJlMmJmYjczMC1lY2FhLTExZTYtOGY4OC0zNDM2M2JjN2M0YzAiOnsiY3JlYXRlIjozMDAwMDAwMDAwMDAsImRlbGV0ZSI6MzAwMDAwMDAwMDAwLCJ1cGRhdGUiOjEyMDAwMDAwMDAwMH19",
          "dependencies": [
            "aws_vpc.vpc",
            "data.aws_availability_zones.available",
            "data.aws_secretsmanager_secret.environment_management",
            "data.aws_secretsmanager_secret_version.environment_management",
            "data.aws_ssm_parameter.environment_management_arn"
          ]
        },
        {
          "index_key": "general-public",
          "schema_version": 0,
          "attributes": {
            "arn": "arn:aws:ec2:eu-west-2:836052629367:route-table/rtb-0b4f92467575cc568",
            "id": "rtb-0b4f92467575cc568",
            "owner_id": "836052629367",
            "propagating_vgws": [],
            "route": [],
            "tags": {
              "Environment": "test",
              "Name": "testing-general-public"
            },
            "tags_all": {
              "Environment": "test",
              "Name": "testing-general-public"
            },
            "timeouts": null,
            "vpc_id": "vpc-0054308c4b7ed3d6f"
          },
          "sensitive_attributes": [],
          "private": "eyJlMmJmYjczMC1lY2FhLTExZTYtOGY4OC0zNDM2M2JjN2M0YzAiOnsiY3JlYXRlIjozMDAwMDAwMDAwMDAsImRlbGV0ZSI6MzAwMDAwMDAwMDAwLCJ1cGRhdGUiOjEyMDAwMDAwMDAwMH19",
          "dependencies": [
            "aws_vpc.vpc",
            "data.aws_availability_zones.available",
            "data.aws_secretsmanager_secret.environment_management",
            "data.aws_secretsmanager_secret_version.environment_management",
            "data.aws_ssm_parameter.environment_management_arn"
          ]
        },
        {
          "index_key": "transit-gateway-transit-gateway",
          "schema_version": 0,
          "attributes": {
            "arn": "arn:aws:ec2:eu-west-2:836052629367:route-table/rtb-06b57bc8bed5ee041",
            "id": "rtb-06b57bc8bed5ee041",
            "owner_id": "836052629367",
            "propagating_vgws": [],
            "route": [],
            "tags": {
              "Environment": "test",
              "Name": "testing-transit-gateway-transit-gateway"
            },
            "tags_all": {
              "Environment": "test",
              "Name": "testing-transit-gateway-transit-gateway"
            },
            "timeouts": null,
            "vpc_id": "vpc-0054308c4b7ed3d6f"
          },
          "sensitive_attributes": [],
          "private": "eyJlMmJmYjczMC1lY2FhLTExZTYtOGY4OC0zNDM2M2JjN2M0YzAiOnsiY3JlYXRlIjozMDAwMDAwMDAwMDAsImRlbGV0ZSI6MzAwMDAwMDAwMDAwLCJ1cGRhdGUiOjEyMDAwMDAwMDAwMH19",
          "dependencies": [
            "aws_vpc.vpc",
            "data.aws_availability_zones.available",
            "data.aws_secretsmanager_secret.environment_management",
            "data.aws_secretsmanager_secret_version.environment_management",
            "data.aws_ssm_parameter.environment_management_arn"
          ]
        }
      ]
    },
    {
      "mode": "managed",
      "type": "aws_route_table_association",
      "name": "protected",
      "provider": "provider[\"registry.terraform.io/hashicorp/aws\"]",
      "instances": [
        {
          "index_key": "protected-eu-west-2a",
          "schema_version": 0,
          "attributes": {
            "gateway_id": "",
            "id": "rtbassoc-014ce4c5fc4fd820f",
            "route_table_id": "rtb-05a88f9687e0bb25b",
            "subnet_id": "subnet-00df9180afd2c40d1",
            "timeouts": null
          },
          "sensitive_attributes": [],
          "private": "eyJlMmJmYjczMC1lY2FhLTExZTYtOGY4OC0zNDM2M2JjN2M0YzAiOnsiY3JlYXRlIjozMDAwMDAwMDAwMDAsImRlbGV0ZSI6MzAwMDAwMDAwMDAwLCJ1cGRhdGUiOjEyMDAwMDAwMDAwMH19",
          "dependencies": [
            "aws_route_table.protected",
            "aws_subnet.protected",
            "aws_vpc.vpc",
            "data.aws_availability_zones.available",
            "data.aws_secretsmanager_secret.environment_management",
            "data.aws_secretsmanager_secret_version.environment_management",
            "data.aws_ssm_parameter.environment_management_arn"
          ]
        },
        {
          "index_key": "protected-eu-west-2b",
          "schema_version": 0,
          "attributes": {
            "gateway_id": "",
            "id": "rtbassoc-0fd2ef328e78f9c11",
            "route_table_id": "rtb-05a88f9687e0bb25b",
            "subnet_id": "subnet-0b4ead578c7db9e9d",
            "timeouts": null
          },
          "sensitive_attributes": [],
          "private": "eyJlMmJmYjczMC1lY2FhLTExZTYtOGY4OC0zNDM2M2JjN2M0YzAiOnsiY3JlYXRlIjozMDAwMDAwMDAwMDAsImRlbGV0ZSI6MzAwMDAwMDAwMDAwLCJ1cGRhdGUiOjEyMDAwMDAwMDAwMH19",
          "dependencies": [
            "aws_route_table.protected",
            "aws_subnet.protected",
            "aws_vpc.vpc",
            "data.aws_availability_zones.available",
            "data.aws_secretsmanager_secret.environment_management",
            "data.aws_secretsmanager_secret_version.environment_management",
            "data.aws_ssm_parameter.environment_management_arn"
          ]
        },
        {
          "index_key": "protected-eu-west-2c",
          "schema_version": 0,
          "attributes": {
            "gateway_id": "",
            "id": "rtbassoc-05b85515d27ef3e69",
            "route_table_id": "rtb-05a88f9687e0bb25b",
            "subnet_id": "subnet-0e8217a4b3d86b7ea",
            "timeouts": null
          },
          "sensitive_attributes": [],
          "private": "eyJlMmJmYjczMC1lY2FhLTExZTYtOGY4OC0zNDM2M2JjN2M0YzAiOnsiY3JlYXRlIjozMDAwMDAwMDAwMDAsImRlbGV0ZSI6MzAwMDAwMDAwMDAwLCJ1cGRhdGUiOjEyMDAwMDAwMDAwMH19",
          "dependencies": [
            "aws_route_table.protected",
            "aws_subnet.protected",
            "aws_vpc.vpc",
            "data.aws_availability_zones.available",
            "data.aws_secretsmanager_secret.environment_management",
            "data.aws_secretsmanager_secret_version.environment_management",
            "data.aws_ssm_parameter.environment_management_arn"
          ]
        }
      ]
    },
    {
      "mode": "managed",
      "type": "aws_route_table_association",
      "name": "route_table_associations",
      "provider": "provider[\"registry.terraform.io/hashicorp/aws\"]",
      "instances": [
        {
          "index_key": "general-data-eu-west-2a",
          "schema_version": 0,
          "attributes": {
            "gateway_id": "",
            "id": "rtbassoc-08e1aaaa10a773f1d",
            "route_table_id": "rtb-04696074898b21688",
            "subnet_id": "subnet-0d6a9c511906ff131",
            "timeouts": null
          },
          "sensitive_attributes": [],
          "private": "eyJlMmJmYjczMC1lY2FhLTExZTYtOGY4OC0zNDM2M2JjN2M0YzAiOnsiY3JlYXRlIjozMDAwMDAwMDAwMDAsImRlbGV0ZSI6MzAwMDAwMDAwMDAwLCJ1cGRhdGUiOjEyMDAwMDAwMDAwMH19",
          "dependencies": [
            "aws_route_table.route_tables",
            "aws_subnet.subnets",
            "aws_vpc.vpc",
            "aws_vpc_ipv4_cidr_block_association.subnet_sets",
            "data.aws_availability_zones.available",
            "data.aws_secretsmanager_secret.environment_management",
            "data.aws_secretsmanager_secret_version.environment_management",
            "data.aws_ssm_parameter.environment_management_arn"
          ]
        },
        {
          "index_key": "general-data-eu-west-2b",
          "schema_version": 0,
          "attributes": {
            "gateway_id": "",
            "id": "rtbassoc-073a525e119ce59fa",
            "route_table_id": "rtb-04696074898b21688",
            "subnet_id": "subnet-011c90637773b7dcd",
            "timeouts": null
          },
          "sensitive_attributes": [],
          "private": "eyJlMmJmYjczMC1lY2FhLTExZTYtOGY4OC0zNDM2M2JjN2M0YzAiOnsiY3JlYXRlIjozMDAwMDAwMDAwMDAsImRlbGV0ZSI6MzAwMDAwMDAwMDAwLCJ1cGRhdGUiOjEyMDAwMDAwMDAwMH19",
          "dependencies": [
            "aws_route_table.route_tables",
            "aws_subnet.subnets",
            "aws_vpc.vpc",
            "aws_vpc_ipv4_cidr_block_association.subnet_sets",
            "data.aws_availability_zones.available",
            "data.aws_secretsmanager_secret.environment_management",
            "data.aws_secretsmanager_secret_version.environment_management",
            "data.aws_ssm_parameter.environment_management_arn"
          ]
        },
        {
          "index_key": "general-data-eu-west-2c",
          "schema_version": 0,
          "attributes": {
            "gateway_id": "",
            "id": "rtbassoc-0d107390c919051d0",
            "route_table_id": "rtb-04696074898b21688",
            "subnet_id": "subnet-0cb80c0af245de2ea",
            "timeouts": null
          },
          "sensitive_attributes": [],
          "private": "eyJlMmJmYjczMC1lY2FhLTExZTYtOGY4OC0zNDM2M2JjN2M0YzAiOnsiY3JlYXRlIjozMDAwMDAwMDAwMDAsImRlbGV0ZSI6MzAwMDAwMDAwMDAwLCJ1cGRhdGUiOjEyMDAwMDAwMDAwMH19",
          "dependencies": [
            "aws_route_table.route_tables",
            "aws_subnet.subnets",
            "aws_vpc.vpc",
            "aws_vpc_ipv4_cidr_block_association.subnet_sets",
            "data.aws_availability_zones.available",
            "data.aws_secretsmanager_secret.environment_management",
            "data.aws_secretsmanager_secret_version.environment_management",
            "data.aws_ssm_parameter.environment_management_arn"
          ]
        },
        {
          "index_key": "general-private-eu-west-2a",
          "schema_version": 0,
          "attributes": {
            "gateway_id": "",
            "id": "rtbassoc-05f7ff31aeaff989d",
            "route_table_id": "rtb-0d25b7724032d0b03",
            "subnet_id": "subnet-04779f6fc1709d78f",
            "timeouts": null
          },
          "sensitive_attributes": [],
          "private": "eyJlMmJmYjczMC1lY2FhLTExZTYtOGY4OC0zNDM2M2JjN2M0YzAiOnsiY3JlYXRlIjozMDAwMDAwMDAwMDAsImRlbGV0ZSI6MzAwMDAwMDAwMDAwLCJ1cGRhdGUiOjEyMDAwMDAwMDAwMH19",
          "dependencies": [
            "aws_route_table.route_tables",
            "aws_subnet.subnets",
            "aws_vpc.vpc",
            "aws_vpc_ipv4_cidr_block_association.subnet_sets",
            "data.aws_availability_zones.available",
            "data.aws_secretsmanager_secret.environment_management",
            "data.aws_secretsmanager_secret_version.environment_management",
            "data.aws_ssm_parameter.environment_management_arn"
          ]
        },
        {
          "index_key": "general-private-eu-west-2b",
          "schema_version": 0,
          "attributes": {
            "gateway_id": "",
            "id": "rtbassoc-0e821e5d0bdf83d68",
            "route_table_id": "rtb-0d25b7724032d0b03",
            "subnet_id": "subnet-0aee0a7b0321938a9",
            "timeouts": null
          },
          "sensitive_attributes": [],
          "private": "eyJlMmJmYjczMC1lY2FhLTExZTYtOGY4OC0zNDM2M2JjN2M0YzAiOnsiY3JlYXRlIjozMDAwMDAwMDAwMDAsImRlbGV0ZSI6MzAwMDAwMDAwMDAwLCJ1cGRhdGUiOjEyMDAwMDAwMDAwMH19",
          "dependencies": [
            "aws_route_table.route_tables",
            "aws_subnet.subnets",
            "aws_vpc.vpc",
            "aws_vpc_ipv4_cidr_block_association.subnet_sets",
            "data.aws_availability_zones.available",
            "data.aws_secretsmanager_secret.environment_management",
            "data.aws_secretsmanager_secret_version.environment_management",
            "data.aws_ssm_parameter.environment_management_arn"
          ]
        },
        {
          "index_key": "general-private-eu-west-2c",
          "schema_version": 0,
          "attributes": {
            "gateway_id": "",
            "id": "rtbassoc-085d32b6343b4fe20",
            "route_table_id": "rtb-0d25b7724032d0b03",
            "subnet_id": "subnet-0141a3257e20c6d84",
            "timeouts": null
          },
          "sensitive_attributes": [],
          "private": "eyJlMmJmYjczMC1lY2FhLTExZTYtOGY4OC0zNDM2M2JjN2M0YzAiOnsiY3JlYXRlIjozMDAwMDAwMDAwMDAsImRlbGV0ZSI6MzAwMDAwMDAwMDAwLCJ1cGRhdGUiOjEyMDAwMDAwMDAwMH19",
          "dependencies": [
            "aws_route_table.route_tables",
            "aws_subnet.subnets",
            "aws_vpc.vpc",
            "aws_vpc_ipv4_cidr_block_association.subnet_sets",
            "data.aws_availability_zones.available",
            "data.aws_secretsmanager_secret.environment_management",
            "data.aws_secretsmanager_secret_version.environment_management",
            "data.aws_ssm_parameter.environment_management_arn"
          ]
        },
        {
          "index_key": "general-public-eu-west-2a",
          "schema_version": 0,
          "attributes": {
            "gateway_id": "",
            "id": "rtbassoc-070c3a24b79efbb61",
            "route_table_id": "rtb-0b4f92467575cc568",
            "subnet_id": "subnet-0ec130991ccf37ffb",
            "timeouts": null
          },
          "sensitive_attributes": [],
          "private": "eyJlMmJmYjczMC1lY2FhLTExZTYtOGY4OC0zNDM2M2JjN2M0YzAiOnsiY3JlYXRlIjozMDAwMDAwMDAwMDAsImRlbGV0ZSI6MzAwMDAwMDAwMDAwLCJ1cGRhdGUiOjEyMDAwMDAwMDAwMH19",
          "dependencies": [
            "aws_route_table.route_tables",
            "aws_subnet.subnets",
            "aws_vpc.vpc",
            "aws_vpc_ipv4_cidr_block_association.subnet_sets",
            "data.aws_availability_zones.available",
            "data.aws_secretsmanager_secret.environment_management",
            "data.aws_secretsmanager_secret_version.environment_management",
            "data.aws_ssm_parameter.environment_management_arn"
          ]
        },
        {
          "index_key": "general-public-eu-west-2b",
          "schema_version": 0,
          "attributes": {
            "gateway_id": "",
            "id": "rtbassoc-0d3c7e990f0b159fa",
            "route_table_id": "rtb-0b4f92467575cc568",
            "subnet_id": "subnet-0129370a57f63a052",
            "timeouts": null
          },
          "sensitive_attributes": [],
          "private": "eyJlMmJmYjczMC1lY2FhLTExZTYtOGY4OC0zNDM2M2JjN2M0YzAiOnsiY3JlYXRlIjozMDAwMDAwMDAwMDAsImRlbGV0ZSI6MzAwMDAwMDAwMDAwLCJ1cGRhdGUiOjEyMDAwMDAwMDAwMH19",
          "dependencies": [
            "aws_route_table.route_tables",
            "aws_subnet.subnets",
            "aws_vpc.vpc",
            "aws_vpc_ipv4_cidr_block_association.subnet_sets",
            "data.aws_availability_zones.available",
            "data.aws_secretsmanager_secret.environment_management",
            "data.aws_secretsmanager_secret_version.environment_management",
            "data.aws_ssm_parameter.environment_management_arn"
          ]
        },
        {
          "index_key": "general-public-eu-west-2c",
          "schema_version": 0,
          "attributes": {
            "gateway_id": "",
            "id": "rtbassoc-0b7b668ff1dc47774",
            "route_table_id": "rtb-0b4f92467575cc568",
            "subnet_id": "subnet-0f4a18c65df5f7c76",
            "timeouts": null
          },
          "sensitive_attributes": [],
          "private": "eyJlMmJmYjczMC1lY2FhLTExZTYtOGY4OC0zNDM2M2JjN2M0YzAiOnsiY3JlYXRlIjozMDAwMDAwMDAwMDAsImRlbGV0ZSI6MzAwMDAwMDAwMDAwLCJ1cGRhdGUiOjEyMDAwMDAwMDAwMH19",
          "dependencies": [
            "aws_route_table.route_tables",
            "aws_subnet.subnets",
            "aws_vpc.vpc",
            "aws_vpc_ipv4_cidr_block_association.subnet_sets",
            "data.aws_availability_zones.available",
            "data.aws_secretsmanager_secret.environment_management",
            "data.aws_secretsmanager_secret_version.environment_management",
            "data.aws_ssm_parameter.environment_management_arn"
          ]
        },
        {
          "index_key": "transit-gateway-eu-west-2a",
          "schema_version": 0,
          "attributes": {
            "gateway_id": "",
            "id": "rtbassoc-095d427058d85f2b6",
            "route_table_id": "rtb-06b57bc8bed5ee041",
            "subnet_id": "subnet-0438309613d478414",
            "timeouts": null
          },
          "sensitive_attributes": [],
          "private": "eyJlMmJmYjczMC1lY2FhLTExZTYtOGY4OC0zNDM2M2JjN2M0YzAiOnsiY3JlYXRlIjozMDAwMDAwMDAwMDAsImRlbGV0ZSI6MzAwMDAwMDAwMDAwLCJ1cGRhdGUiOjEyMDAwMDAwMDAwMH19",
          "dependencies": [
            "aws_route_table.route_tables",
            "aws_subnet.subnets",
            "aws_vpc.vpc",
            "aws_vpc_ipv4_cidr_block_association.subnet_sets",
            "data.aws_availability_zones.available",
            "data.aws_secretsmanager_secret.environment_management",
            "data.aws_secretsmanager_secret_version.environment_management",
            "data.aws_ssm_parameter.environment_management_arn"
          ]
        },
        {
          "index_key": "transit-gateway-eu-west-2b",
          "schema_version": 0,
          "attributes": {
            "gateway_id": "",
            "id": "rtbassoc-01d36cd1f8634b0e5",
            "route_table_id": "rtb-06b57bc8bed5ee041",
            "subnet_id": "subnet-040a4a97b11ed8913",
            "timeouts": null
          },
          "sensitive_attributes": [],
          "private": "eyJlMmJmYjczMC1lY2FhLTExZTYtOGY4OC0zNDM2M2JjN2M0YzAiOnsiY3JlYXRlIjozMDAwMDAwMDAwMDAsImRlbGV0ZSI6MzAwMDAwMDAwMDAwLCJ1cGRhdGUiOjEyMDAwMDAwMDAwMH19",
          "dependencies": [
            "aws_route_table.route_tables",
            "aws_subnet.subnets",
            "aws_vpc.vpc",
            "aws_vpc_ipv4_cidr_block_association.subnet_sets",
            "data.aws_availability_zones.available",
            "data.aws_secretsmanager_secret.environment_management",
            "data.aws_secretsmanager_secret_version.environment_management",
            "data.aws_ssm_parameter.environment_management_arn"
          ]
        },
        {
          "index_key": "transit-gateway-eu-west-2c",
          "schema_version": 0,
          "attributes": {
            "gateway_id": "",
            "id": "rtbassoc-01bd1c65ff71070ae",
            "route_table_id": "rtb-06b57bc8bed5ee041",
            "subnet_id": "subnet-0d04a925b874a278d",
            "timeouts": null
          },
          "sensitive_attributes": [],
          "private": "eyJlMmJmYjczMC1lY2FhLTExZTYtOGY4OC0zNDM2M2JjN2M0YzAiOnsiY3JlYXRlIjozMDAwMDAwMDAwMDAsImRlbGV0ZSI6MzAwMDAwMDAwMDAwLCJ1cGRhdGUiOjEyMDAwMDAwMDAwMH19",
          "dependencies": [
            "aws_route_table.route_tables",
            "aws_subnet.subnets",
            "aws_vpc.vpc",
            "aws_vpc_ipv4_cidr_block_association.subnet_sets",
            "data.aws_availability_zones.available",
            "data.aws_secretsmanager_secret.environment_management",
            "data.aws_secretsmanager_secret_version.environment_management",
            "data.aws_ssm_parameter.environment_management_arn"
          ]
        }
      ]
    },
    {
      "mode": "managed",
      "type": "aws_subnet",
      "name": "protected",
      "provider": "provider[\"registry.terraform.io/hashicorp/aws\"]",
      "instances": [
        {
          "index_key": "protected-eu-west-2a",
          "schema_version": 1,
          "attributes": {
            "arn": "arn:aws:ec2:eu-west-2:836052629367:subnet/subnet-00df9180afd2c40d1",
            "assign_ipv6_address_on_creation": false,
            "availability_zone": "eu-west-2a",
            "availability_zone_id": "euw2-az2",
            "cidr_block": "10.0.192.0/20",
            "customer_owned_ipv4_pool": "",
            "enable_dns64": false,
            "enable_lni_at_device_index": 0,
            "enable_resource_name_dns_a_record_on_launch": false,
            "enable_resource_name_dns_aaaa_record_on_launch": false,
            "id": "subnet-00df9180afd2c40d1",
            "ipv6_cidr_block": "",
            "ipv6_cidr_block_association_id": "",
            "ipv6_native": false,
            "map_customer_owned_ip_on_launch": false,
            "map_public_ip_on_launch": false,
            "outpost_arn": "",
            "owner_id": "836052629367",
            "private_dns_hostname_type_on_launch": "ip-name",
            "tags": {
              "Environment": "test",
              "Name": "testing-protected-eu-west-2a"
            },
            "tags_all": {
              "Environment": "test",
              "Name": "testing-protected-eu-west-2a"
            },
            "timeouts": null,
            "vpc_id": "vpc-0054308c4b7ed3d6f"
          },
          "sensitive_attributes": [],
          "private": "eyJlMmJmYjczMC1lY2FhLTExZTYtOGY4OC0zNDM2M2JjN2M0YzAiOnsiY3JlYXRlIjo2MDAwMDAwMDAwMDAsImRlbGV0ZSI6MTIwMDAwMDAwMDAwMH0sInNjaGVtYV92ZXJzaW9uIjoiMSJ9",
          "dependencies": [
            "aws_vpc.vpc",
            "data.aws_availability_zones.available",
            "data.aws_secretsmanager_secret.environment_management",
            "data.aws_secretsmanager_secret_version.environment_management",
            "data.aws_ssm_parameter.environment_management_arn"
          ]
        },
        {
          "index_key": "protected-eu-west-2b",
          "schema_version": 1,
          "attributes": {
            "arn": "arn:aws:ec2:eu-west-2:836052629367:subnet/subnet-0b4ead578c7db9e9d",
            "assign_ipv6_address_on_creation": false,
            "availability_zone": "eu-west-2b",
            "availability_zone_id": "euw2-az3",
            "cidr_block": "10.0.208.0/20",
            "customer_owned_ipv4_pool": "",
            "enable_dns64": false,
            "enable_lni_at_device_index": 0,
            "enable_resource_name_dns_a_record_on_launch": false,
            "enable_resource_name_dns_aaaa_record_on_launch": false,
            "id": "subnet-0b4ead578c7db9e9d",
            "ipv6_cidr_block": "",
            "ipv6_cidr_block_association_id": "",
            "ipv6_native": false,
            "map_customer_owned_ip_on_launch": false,
            "map_public_ip_on_launch": false,
            "outpost_arn": "",
            "owner_id": "836052629367",
            "private_dns_hostname_type_on_launch": "ip-name",
            "tags": {
              "Environment": "test",
              "Name": "testing-protected-eu-west-2b"
            },
            "tags_all": {
              "Environment": "test",
              "Name": "testing-protected-eu-west-2b"
            },
            "timeouts": null,
            "vpc_id": "vpc-0054308c4b7ed3d6f"
          },
          "sensitive_attributes": [],
          "private": "eyJlMmJmYjczMC1lY2FhLTExZTYtOGY4OC0zNDM2M2JjN2M0YzAiOnsiY3JlYXRlIjo2MDAwMDAwMDAwMDAsImRlbGV0ZSI6MTIwMDAwMDAwMDAwMH0sInNjaGVtYV92ZXJzaW9uIjoiMSJ9",
          "dependencies": [
            "aws_vpc.vpc",
            "data.aws_availability_zones.available",
            "data.aws_secretsmanager_secret.environment_management",
            "data.aws_secretsmanager_secret_version.environment_management",
            "data.aws_ssm_parameter.environment_management_arn"
          ]
        },
        {
          "index_key": "protected-eu-west-2c",
          "schema_version": 1,
          "attributes": {
            "arn": "arn:aws:ec2:eu-west-2:836052629367:subnet/subnet-0e8217a4b3d86b7ea",
            "assign_ipv6_address_on_creation": false,
            "availability_zone": "eu-west-2c",
            "availability_zone_id": "euw2-az1",
            "cidr_block": "10.0.224.0/20",
            "customer_owned_ipv4_pool": "",
            "enable_dns64": false,
            "enable_lni_at_device_index": 0,
            "enable_resource_name_dns_a_record_on_launch": false,
            "enable_resource_name_dns_aaaa_record_on_launch": false,
            "id": "subnet-0e8217a4b3d86b7ea",
            "ipv6_cidr_block": "",
            "ipv6_cidr_block_association_id": "",
            "ipv6_native": false,
            "map_customer_owned_ip_on_launch": false,
            "map_public_ip_on_launch": false,
            "outpost_arn": "",
            "owner_id": "836052629367",
            "private_dns_hostname_type_on_launch": "ip-name",
            "tags": {
              "Environment": "test",
              "Name": "testing-protected-eu-west-2c"
            },
            "tags_all": {
              "Environment": "test",
              "Name": "testing-protected-eu-west-2c"
            },
            "timeouts": null,
            "vpc_id": "vpc-0054308c4b7ed3d6f"
          },
          "sensitive_attributes": [],
          "private": "eyJlMmJmYjczMC1lY2FhLTExZTYtOGY4OC0zNDM2M2JjN2M0YzAiOnsiY3JlYXRlIjo2MDAwMDAwMDAwMDAsImRlbGV0ZSI6MTIwMDAwMDAwMDAwMH0sInNjaGVtYV92ZXJzaW9uIjoiMSJ9",
          "dependencies": [
            "aws_vpc.vpc",
            "data.aws_availability_zones.available",
            "data.aws_secretsmanager_secret.environment_management",
            "data.aws_secretsmanager_secret_version.environment_management",
            "data.aws_ssm_parameter.environment_management_arn"
          ]
        }
      ]
    },
    {
      "mode": "managed",
      "type": "aws_subnet",
      "name": "subnets",
      "provider": "provider[\"registry.terraform.io/hashicorp/aws\"]",
      "instances": [
        {
          "index_key": "general-data-eu-west-2a",
          "schema_version": 1,
          "attributes": {
            "arn": "arn:aws:ec2:eu-west-2:836052629367:subnet/subnet-0d6a9c511906ff131",
            "assign_ipv6_address_on_creation": false,
            "availability_zone": "eu-west-2a",
            "availability_zone_id": "euw2-az2",
            "cidr_block": "10.0.144.0/20",
            "customer_owned_ipv4_pool": "",
            "enable_dns64": false,
            "enable_lni_at_device_index": 0,
            "enable_resource_name_dns_a_record_on_launch": false,
            "enable_resource_name_dns_aaaa_record_on_launch": false,
            "id": "subnet-0d6a9c511906ff131",
            "ipv6_cidr_block": "",
            "ipv6_cidr_block_association_id": "",
            "ipv6_native": false,
            "map_customer_owned_ip_on_launch": false,
            "map_public_ip_on_launch": false,
            "outpost_arn": "",
            "owner_id": "836052629367",
            "private_dns_hostname_type_on_launch": "ip-name",
            "tags": {
              "Environment": "test",
              "Name": "testing-general-data-eu-west-2a"
            },
            "tags_all": {
              "Environment": "test",
              "Name": "testing-general-data-eu-west-2a"
            },
            "timeouts": null,
            "vpc_id": "vpc-0054308c4b7ed3d6f"
          },
          "sensitive_attributes": [],
          "private": "eyJlMmJmYjczMC1lY2FhLTExZTYtOGY4OC0zNDM2M2JjN2M0YzAiOnsiY3JlYXRlIjo2MDAwMDAwMDAwMDAsImRlbGV0ZSI6MTIwMDAwMDAwMDAwMH0sInNjaGVtYV92ZXJzaW9uIjoiMSJ9",
          "dependencies": [
            "aws_vpc.vpc",
            "aws_vpc_ipv4_cidr_block_association.subnet_sets",
            "data.aws_availability_zones.available",
            "data.aws_secretsmanager_secret.environment_management",
            "data.aws_secretsmanager_secret_version.environment_management",
            "data.aws_ssm_parameter.environment_management_arn"
          ]
        },
        {
          "index_key": "general-data-eu-west-2b",
          "schema_version": 1,
          "attributes": {
            "arn": "arn:aws:ec2:eu-west-2:836052629367:subnet/subnet-011c90637773b7dcd",
            "assign_ipv6_address_on_creation": false,
            "availability_zone": "eu-west-2b",
            "availability_zone_id": "euw2-az3",
            "cidr_block": "10.0.160.0/20",
            "customer_owned_ipv4_pool": "",
            "enable_dns64": false,
            "enable_lni_at_device_index": 0,
            "enable_resource_name_dns_a_record_on_launch": false,
            "enable_resource_name_dns_aaaa_record_on_launch": false,
            "id": "subnet-011c90637773b7dcd",
            "ipv6_cidr_block": "",
            "ipv6_cidr_block_association_id": "",
            "ipv6_native": false,
            "map_customer_owned_ip_on_launch": false,
            "map_public_ip_on_launch": false,
            "outpost_arn": "",
            "owner_id": "836052629367",
            "private_dns_hostname_type_on_launch": "ip-name",
            "tags": {
              "Environment": "test",
              "Name": "testing-general-data-eu-west-2b"
            },
            "tags_all": {
              "Environment": "test",
              "Name": "testing-general-data-eu-west-2b"
            },
            "timeouts": null,
            "vpc_id": "vpc-0054308c4b7ed3d6f"
          },
          "sensitive_attributes": [],
          "private": "eyJlMmJmYjczMC1lY2FhLTExZTYtOGY4OC0zNDM2M2JjN2M0YzAiOnsiY3JlYXRlIjo2MDAwMDAwMDAwMDAsImRlbGV0ZSI6MTIwMDAwMDAwMDAwMH0sInNjaGVtYV92ZXJzaW9uIjoiMSJ9",
          "dependencies": [
            "aws_vpc.vpc",
            "aws_vpc_ipv4_cidr_block_association.subnet_sets",
            "data.aws_availability_zones.available",
            "data.aws_secretsmanager_secret.environment_management",
            "data.aws_secretsmanager_secret_version.environment_management",
            "data.aws_ssm_parameter.environment_management_arn"
          ]
        },
        {
          "index_key": "general-data-eu-west-2c",
          "schema_version": 1,
          "attributes": {
            "arn": "arn:aws:ec2:eu-west-2:836052629367:subnet/subnet-0cb80c0af245de2ea",
            "assign_ipv6_address_on_creation": false,
            "availability_zone": "eu-west-2c",
            "availability_zone_id": "euw2-az1",
            "cidr_block": "10.0.176.0/20",
            "customer_owned_ipv4_pool": "",
            "enable_dns64": false,
            "enable_lni_at_device_index": 0,
            "enable_resource_name_dns_a_record_on_launch": false,
            "enable_resource_name_dns_aaaa_record_on_launch": false,
            "id": "subnet-0cb80c0af245de2ea",
            "ipv6_cidr_block": "",
            "ipv6_cidr_block_association_id": "",
            "ipv6_native": false,
            "map_customer_owned_ip_on_launch": false,
            "map_public_ip_on_launch": false,
            "outpost_arn": "",
            "owner_id": "836052629367",
            "private_dns_hostname_type_on_launch": "ip-name",
            "tags": {
              "Environment": "test",
              "Name": "testing-general-data-eu-west-2c"
            },
            "tags_all": {
              "Environment": "test",
              "Name": "testing-general-data-eu-west-2c"
            },
            "timeouts": null,
            "vpc_id": "vpc-0054308c4b7ed3d6f"
          },
          "sensitive_attributes": [],
          "private": "eyJlMmJmYjczMC1lY2FhLTExZTYtOGY4OC0zNDM2M2JjN2M0YzAiOnsiY3JlYXRlIjo2MDAwMDAwMDAwMDAsImRlbGV0ZSI6MTIwMDAwMDAwMDAwMH0sInNjaGVtYV92ZXJzaW9uIjoiMSJ9",
          "dependencies": [
            "aws_vpc.vpc",
            "aws_vpc_ipv4_cidr_block_association.subnet_sets",
            "data.aws_availability_zones.available",
            "data.aws_secretsmanager_secret.environment_management",
            "data.aws_secretsmanager_secret_version.environment_management",
            "data.aws_ssm_parameter.environment_management_arn"
          ]
        },
        {
          "index_key": "general-private-eu-west-2a",
          "schema_version": 1,
          "attributes": {
            "arn": "arn:aws:ec2:eu-west-2:836052629367:subnet/subnet-04779f6fc1709d78f",
            "assign_ipv6_address_on_creation": false,
            "availability_zone": "eu-west-2a",
            "availability_zone_id": "euw2-az2",
            "cidr_block": "10.0.0.0/19",
            "customer_owned_ipv4_pool": "",
            "enable_dns64": false,
            "enable_lni_at_device_index": 0,
            "enable_resource_name_dns_a_record_on_launch": false,
            "enable_resource_name_dns_aaaa_record_on_launch": false,
            "id": "subnet-04779f6fc1709d78f",
            "ipv6_cidr_block": "",
            "ipv6_cidr_block_association_id": "",
            "ipv6_native": false,
            "map_customer_owned_ip_on_launch": false,
            "map_public_ip_on_launch": false,
            "outpost_arn": "",
            "owner_id": "836052629367",
            "private_dns_hostname_type_on_launch": "ip-name",
            "tags": {
              "Environment": "test",
              "Name": "testing-general-private-eu-west-2a"
            },
            "tags_all": {
              "Environment": "test",
              "Name": "testing-general-private-eu-west-2a"
            },
            "timeouts": null,
            "vpc_id": "vpc-0054308c4b7ed3d6f"
          },
          "sensitive_attributes": [],
          "private": "eyJlMmJmYjczMC1lY2FhLTExZTYtOGY4OC0zNDM2M2JjN2M0YzAiOnsiY3JlYXRlIjo2MDAwMDAwMDAwMDAsImRlbGV0ZSI6MTIwMDAwMDAwMDAwMH0sInNjaGVtYV92ZXJzaW9uIjoiMSJ9",
          "dependencies": [
            "aws_vpc.vpc",
            "aws_vpc_ipv4_cidr_block_association.subnet_sets",
            "data.aws_availability_zones.available",
            "data.aws_secretsmanager_secret.environment_management",
            "data.aws_secretsmanager_secret_version.environment_management",
            "data.aws_ssm_parameter.environment_management_arn"
          ]
        },
        {
          "index_key": "general-private-eu-west-2b",
          "schema_version": 1,
          "attributes": {
            "arn": "arn:aws:ec2:eu-west-2:836052629367:subnet/subnet-0aee0a7b0321938a9",
            "assign_ipv6_address_on_creation": false,
            "availability_zone": "eu-west-2b",
            "availability_zone_id": "euw2-az3",
            "cidr_block": "10.0.32.0/19",
            "customer_owned_ipv4_pool": "",
            "enable_dns64": false,
            "enable_lni_at_device_index": 0,
            "enable_resource_name_dns_a_record_on_launch": false,
            "enable_resource_name_dns_aaaa_record_on_launch": false,
            "id": "subnet-0aee0a7b0321938a9",
            "ipv6_cidr_block": "",
            "ipv6_cidr_block_association_id": "",
            "ipv6_native": false,
            "map_customer_owned_ip_on_launch": false,
            "map_public_ip_on_launch": false,
            "outpost_arn": "",
            "owner_id": "836052629367",
            "private_dns_hostname_type_on_launch": "ip-name",
            "tags": {
              "Environment": "test",
              "Name": "testing-general-private-eu-west-2b"
            },
            "tags_all": {
              "Environment": "test",
              "Name": "testing-general-private-eu-west-2b"
            },
            "timeouts": null,
            "vpc_id": "vpc-0054308c4b7ed3d6f"
          },
          "sensitive_attributes": [],
          "private": "eyJlMmJmYjczMC1lY2FhLTExZTYtOGY4OC0zNDM2M2JjN2M0YzAiOnsiY3JlYXRlIjo2MDAwMDAwMDAwMDAsImRlbGV0ZSI6MTIwMDAwMDAwMDAwMH0sInNjaGVtYV92ZXJzaW9uIjoiMSJ9",
          "dependencies": [
            "aws_vpc.vpc",
            "aws_vpc_ipv4_cidr_block_association.subnet_sets",
            "data.aws_availability_zones.available",
            "data.aws_secretsmanager_secret.environment_management",
            "data.aws_secretsmanager_secret_version.environment_management",
            "data.aws_ssm_parameter.environment_management_arn"
          ]
        },
        {
          "index_key": "general-private-eu-west-2c",
          "schema_version": 1,
          "attributes": {
            "arn": "arn:aws:ec2:eu-west-2:836052629367:subnet/subnet-0141a3257e20c6d84",
            "assign_ipv6_address_on_creation": false,
            "availability_zone": "eu-west-2c",
            "availability_zone_id": "euw2-az1",
            "cidr_block": "10.0.64.0/19",
            "customer_owned_ipv4_pool": "",
            "enable_dns64": false,
            "enable_lni_at_device_index": 0,
            "enable_resource_name_dns_a_record_on_launch": false,
            "enable_resource_name_dns_aaaa_record_on_launch": false,
            "id": "subnet-0141a3257e20c6d84",
            "ipv6_cidr_block": "",
            "ipv6_cidr_block_association_id": "",
            "ipv6_native": false,
            "map_customer_owned_ip_on_launch": false,
            "map_public_ip_on_launch": false,
            "outpost_arn": "",
            "owner_id": "836052629367",
            "private_dns_hostname_type_on_launch": "ip-name",
            "tags": {
              "Environment": "test",
              "Name": "testing-general-private-eu-west-2c"
            },
            "tags_all": {
              "Environment": "test",
              "Name": "testing-general-private-eu-west-2c"
            },
            "timeouts": null,
            "vpc_id": "vpc-0054308c4b7ed3d6f"
          },
          "sensitive_attributes": [],
          "private": "eyJlMmJmYjczMC1lY2FhLTExZTYtOGY4OC0zNDM2M2JjN2M0YzAiOnsiY3JlYXRlIjo2MDAwMDAwMDAwMDAsImRlbGV0ZSI6MTIwMDAwMDAwMDAwMH0sInNjaGVtYV92ZXJzaW9uIjoiMSJ9",
          "dependencies": [
            "aws_vpc.vpc",
            "aws_vpc_ipv4_cidr_block_association.subnet_sets",
            "data.aws_availability_zones.available",
            "data.aws_secretsmanager_secret.environment_management",
            "data.aws_secretsmanager_secret_version.environment_management",
            "data.aws_ssm_parameter.environment_management_arn"
          ]
        },
        {
          "index_key": "general-public-eu-west-2a",
          "schema_version": 1,
          "attributes": {
            "arn": "arn:aws:ec2:eu-west-2:836052629367:subnet/subnet-0ec130991ccf37ffb",
            "assign_ipv6_address_on_creation": false,
            "availability_zone": "eu-west-2a",
            "availability_zone_id": "euw2-az2",
            "cidr_block": "10.0.96.0/20",
            "customer_owned_ipv4_pool": "",
            "enable_dns64": false,
            "enable_lni_at_device_index": 0,
            "enable_resource_name_dns_a_record_on_launch": false,
            "enable_resource_name_dns_aaaa_record_on_launch": false,
            "id": "subnet-0ec130991ccf37ffb",
            "ipv6_cidr_block": "",
            "ipv6_cidr_block_association_id": "",
            "ipv6_native": false,
            "map_customer_owned_ip_on_launch": false,
            "map_public_ip_on_launch": false,
            "outpost_arn": "",
            "owner_id": "836052629367",
            "private_dns_hostname_type_on_launch": "ip-name",
            "tags": {
              "Environment": "test",
              "Name": "testing-general-public-eu-west-2a"
            },
            "tags_all": {
              "Environment": "test",
              "Name": "testing-general-public-eu-west-2a"
            },
            "timeouts": null,
            "vpc_id": "vpc-0054308c4b7ed3d6f"
          },
          "sensitive_attributes": [],
          "private": "eyJlMmJmYjczMC1lY2FhLTExZTYtOGY4OC0zNDM2M2JjN2M0YzAiOnsiY3JlYXRlIjo2MDAwMDAwMDAwMDAsImRlbGV0ZSI6MTIwMDAwMDAwMDAwMH0sInNjaGVtYV92ZXJzaW9uIjoiMSJ9",
          "dependencies": [
            "aws_vpc.vpc",
            "aws_vpc_ipv4_cidr_block_association.subnet_sets",
            "data.aws_availability_zones.available",
            "data.aws_secretsmanager_secret.environment_management",
            "data.aws_secretsmanager_secret_version.environment_management",
            "data.aws_ssm_parameter.environment_management_arn"
          ]
        },
        {
          "index_key": "general-public-eu-west-2b",
          "schema_version": 1,
          "attributes": {
            "arn": "arn:aws:ec2:eu-west-2:836052629367:subnet/subnet-0129370a57f63a052",
            "assign_ipv6_address_on_creation": false,
            "availability_zone": "eu-west-2b",
            "availability_zone_id": "euw2-az3",
            "cidr_block": "10.0.112.0/20",
            "customer_owned_ipv4_pool": "",
            "enable_dns64": false,
            "enable_lni_at_device_index": 0,
            "enable_resource_name_dns_a_record_on_launch": false,
            "enable_resource_name_dns_aaaa_record_on_launch": false,
            "id": "subnet-0129370a57f63a052",
            "ipv6_cidr_block": "",
            "ipv6_cidr_block_association_id": "",
            "ipv6_native": false,
            "map_customer_owned_ip_on_launch": false,
            "map_public_ip_on_launch": false,
            "outpost_arn": "",
            "owner_id": "836052629367",
            "private_dns_hostname_type_on_launch": "ip-name",
            "tags": {
              "Environment": "test",
              "Name": "testing-general-public-eu-west-2b"
            },
            "tags_all": {
              "Environment": "test",
              "Name": "testing-general-public-eu-west-2b"
            },
            "timeouts": null,
            "vpc_id": "vpc-0054308c4b7ed3d6f"
          },
          "sensitive_attributes": [],
          "private": "eyJlMmJmYjczMC1lY2FhLTExZTYtOGY4OC0zNDM2M2JjN2M0YzAiOnsiY3JlYXRlIjo2MDAwMDAwMDAwMDAsImRlbGV0ZSI6MTIwMDAwMDAwMDAwMH0sInNjaGVtYV92ZXJzaW9uIjoiMSJ9",
          "dependencies": [
            "aws_vpc.vpc",
            "aws_vpc_ipv4_cidr_block_association.subnet_sets",
            "data.aws_availability_zones.available",
            "data.aws_secretsmanager_secret.environment_management",
            "data.aws_secretsmanager_secret_version.environment_management",
            "data.aws_ssm_parameter.environment_management_arn"
          ]
        },
        {
          "index_key": "general-public-eu-west-2c",
          "schema_version": 1,
          "attributes": {
            "arn": "arn:aws:ec2:eu-west-2:836052629367:subnet/subnet-0f4a18c65df5f7c76",
            "assign_ipv6_address_on_creation": false,
            "availability_zone": "eu-west-2c",
            "availability_zone_id": "euw2-az1",
            "cidr_block": "10.0.128.0/20",
            "customer_owned_ipv4_pool": "",
            "enable_dns64": false,
            "enable_lni_at_device_index": 0,
            "enable_resource_name_dns_a_record_on_launch": false,
            "enable_resource_name_dns_aaaa_record_on_launch": false,
            "id": "subnet-0f4a18c65df5f7c76",
            "ipv6_cidr_block": "",
            "ipv6_cidr_block_association_id": "",
            "ipv6_native": false,
            "map_customer_owned_ip_on_launch": false,
            "map_public_ip_on_launch": false,
            "outpost_arn": "",
            "owner_id": "836052629367",
            "private_dns_hostname_type_on_launch": "ip-name",
            "tags": {
              "Environment": "test",
              "Name": "testing-general-public-eu-west-2c"
            },
            "tags_all": {
              "Environment": "test",
              "Name": "testing-general-public-eu-west-2c"
            },
            "timeouts": null,
            "vpc_id": "vpc-0054308c4b7ed3d6f"
          },
          "sensitive_attributes": [],
          "private": "eyJlMmJmYjczMC1lY2FhLTExZTYtOGY4OC0zNDM2M2JjN2M0YzAiOnsiY3JlYXRlIjo2MDAwMDAwMDAwMDAsImRlbGV0ZSI6MTIwMDAwMDAwMDAwMH0sInNjaGVtYV92ZXJzaW9uIjoiMSJ9",
          "dependencies": [
            "aws_vpc.vpc",
            "aws_vpc_ipv4_cidr_block_association.subnet_sets",
            "data.aws_availability_zones.available",
            "data.aws_secretsmanager_secret.environment_management",
            "data.aws_secretsmanager_secret_version.environment_management",
            "data.aws_ssm_parameter.environment_management_arn"
          ]
        },
        {
          "index_key": "transit-gateway-eu-west-2a",
          "schema_version": 1,
          "attributes": {
            "arn": "arn:aws:ec2:eu-west-2:836052629367:subnet/subnet-0438309613d478414",
            "assign_ipv6_address_on_creation": false,
            "availability_zone": "eu-west-2a",
            "availability_zone_id": "euw2-az2",
            "cidr_block": "10.0.240.0/23",
            "customer_owned_ipv4_pool": "",
            "enable_dns64": false,
            "enable_lni_at_device_index": 0,
            "enable_resource_name_dns_a_record_on_launch": false,
            "enable_resource_name_dns_aaaa_record_on_launch": false,
            "id": "subnet-0438309613d478414",
            "ipv6_cidr_block": "",
            "ipv6_cidr_block_association_id": "",
            "ipv6_native": false,
            "map_customer_owned_ip_on_launch": false,
            "map_public_ip_on_launch": false,
            "outpost_arn": "",
            "owner_id": "836052629367",
            "private_dns_hostname_type_on_launch": "ip-name",
            "tags": {
              "Environment": "test",
              "Name": "testing-transit-gateway-eu-west-2a"
            },
            "tags_all": {
              "Environment": "test",
              "Name": "testing-transit-gateway-eu-west-2a"
            },
            "timeouts": null,
            "vpc_id": "vpc-0054308c4b7ed3d6f"
          },
          "sensitive_attributes": [],
          "private": "eyJlMmJmYjczMC1lY2FhLTExZTYtOGY4OC0zNDM2M2JjN2M0YzAiOnsiY3JlYXRlIjo2MDAwMDAwMDAwMDAsImRlbGV0ZSI6MTIwMDAwMDAwMDAwMH0sInNjaGVtYV92ZXJzaW9uIjoiMSJ9",
          "dependencies": [
            "aws_vpc.vpc",
            "aws_vpc_ipv4_cidr_block_association.subnet_sets",
            "data.aws_availability_zones.available",
            "data.aws_secretsmanager_secret.environment_management",
            "data.aws_secretsmanager_secret_version.environment_management",
            "data.aws_ssm_parameter.environment_management_arn"
          ]
        },
        {
          "index_key": "transit-gateway-eu-west-2b",
          "schema_version": 1,
          "attributes": {
            "arn": "arn:aws:ec2:eu-west-2:836052629367:subnet/subnet-040a4a97b11ed8913",
            "assign_ipv6_address_on_creation": false,
            "availability_zone": "eu-west-2b",
            "availability_zone_id": "euw2-az3",
            "cidr_block": "10.0.242.0/23",
            "customer_owned_ipv4_pool": "",
            "enable_dns64": false,
            "enable_lni_at_device_index": 0,
            "enable_resource_name_dns_a_record_on_launch": false,
            "enable_resource_name_dns_aaaa_record_on_launch": false,
            "id": "subnet-040a4a97b11ed8913",
            "ipv6_cidr_block": "",
            "ipv6_cidr_block_association_id": "",
            "ipv6_native": false,
            "map_customer_owned_ip_on_launch": false,
            "map_public_ip_on_launch": false,
            "outpost_arn": "",
            "owner_id": "836052629367",
            "private_dns_hostname_type_on_launch": "ip-name",
            "tags": {
              "Environment": "test",
              "Name": "testing-transit-gateway-eu-west-2b"
            },
            "tags_all": {
              "Environment": "test",
              "Name": "testing-transit-gateway-eu-west-2b"
            },
            "timeouts": null,
            "vpc_id": "vpc-0054308c4b7ed3d6f"
          },
          "sensitive_attributes": [],
          "private": "eyJlMmJmYjczMC1lY2FhLTExZTYtOGY4OC0zNDM2M2JjN2M0YzAiOnsiY3JlYXRlIjo2MDAwMDAwMDAwMDAsImRlbGV0ZSI6MTIwMDAwMDAwMDAwMH0sInNjaGVtYV92ZXJzaW9uIjoiMSJ9",
          "dependencies": [
            "aws_vpc.vpc",
            "aws_vpc_ipv4_cidr_block_association.subnet_sets",
            "data.aws_availability_zones.available",
            "data.aws_secretsmanager_secret.environment_management",
            "data.aws_secretsmanager_secret_version.environment_management",
            "data.aws_ssm_parameter.environment_management_arn"
          ]
        },
        {
          "index_key": "transit-gateway-eu-west-2c",
          "schema_version": 1,
          "attributes": {
            "arn": "arn:aws:ec2:eu-west-2:836052629367:subnet/subnet-0d04a925b874a278d",
            "assign_ipv6_address_on_creation": false,
            "availability_zone": "eu-west-2c",
            "availability_zone_id": "euw2-az1",
            "cidr_block": "10.0.244.0/23",
            "customer_owned_ipv4_pool": "",
            "enable_dns64": false,
            "enable_lni_at_device_index": 0,
            "enable_resource_name_dns_a_record_on_launch": false,
            "enable_resource_name_dns_aaaa_record_on_launch": false,
            "id": "subnet-0d04a925b874a278d",
            "ipv6_cidr_block": "",
            "ipv6_cidr_block_association_id": "",
            "ipv6_native": false,
            "map_customer_owned_ip_on_launch": false,
            "map_public_ip_on_launch": false,
            "outpost_arn": "",
            "owner_id": "836052629367",
            "private_dns_hostname_type_on_launch": "ip-name",
            "tags": {
              "Environment": "test",
              "Name": "testing-transit-gateway-eu-west-2c"
            },
            "tags_all": {
              "Environment": "test",
              "Name": "testing-transit-gateway-eu-west-2c"
            },
            "timeouts": null,
            "vpc_id": "vpc-0054308c4b7ed3d6f"
          },
          "sensitive_attributes": [],
          "private": "eyJlMmJmYjczMC1lY2FhLTExZTYtOGY4OC0zNDM2M2JjN2M0YzAiOnsiY3JlYXRlIjo2MDAwMDAwMDAwMDAsImRlbGV0ZSI6MTIwMDAwMDAwMDAwMH0sInNjaGVtYV92ZXJzaW9uIjoiMSJ9",
          "dependencies": [
            "aws_vpc.vpc",
            "aws_vpc_ipv4_cidr_block_association.subnet_sets",
            "data.aws_availability_zones.available",
            "data.aws_secretsmanager_secret.environment_management",
            "data.aws_secretsmanager_secret_version.environment_management",
            "data.aws_ssm_parameter.environment_management_arn"
          ]
        }
      ]
    },
    {
      "mode": "managed",
      "type": "aws_vpc",
      "name": "vpc",
      "provider": "provider[\"registry.terraform.io/hashicorp/aws\"]",
      "instances": [
        {
          "schema_version": 1,
          "attributes": {
            "arn": "arn:aws:ec2:eu-west-2:836052629367:vpc/vpc-0054308c4b7ed3d6f",
            "assign_generated_ipv6_cidr_block": false,
            "cidr_block": "10.0.0.0/16",
            "default_network_acl_id": "acl-0ff74f98a01823cca",
            "default_route_table_id": "rtb-0d179c88b2e4d3df7",
            "default_security_group_id": "sg-056315e9c0e5130c2",
            "dhcp_options_id": "dopt-99969af1",
            "enable_dns_hostnames": true,
            "enable_dns_support": true,
            "enable_network_address_usage_metrics": false,
            "id": "vpc-0054308c4b7ed3d6f",
            "instance_tenancy": "default",
            "ipv4_ipam_pool_id": null,
            "ipv4_netmask_length": null,
            "ipv6_association_id": "",
            "ipv6_cidr_block": "",
            "ipv6_cidr_block_network_border_group": "",
            "ipv6_ipam_pool_id": "",
            "ipv6_netmask_length": 0,
            "main_route_table_id": "rtb-0d179c88b2e4d3df7",
            "owner_id": "836052629367",
            "tags": {
              "Environment": "test",
              "Name": "testing"
            },
            "tags_all": {
              "Environment": "test",
              "Name": "testing"
            }
          },
          "sensitive_attributes": [],
          "private": "eyJzY2hlbWFfdmVyc2lvbiI6IjEifQ==",
          "dependencies": [
            "data.aws_secretsmanager_secret.environment_management",
            "data.aws_secretsmanager_secret_version.environment_management",
            "data.aws_ssm_parameter.environment_management_arn"
          ]
        }
      ]
    },
    {
      "mode": "managed",
      "type": "aws_vpc_ipv4_cidr_block_association",
      "name": "subnet_sets",
      "provider": "provider[\"registry.terraform.io/hashicorp/aws\"]",
      "instances": []
    }
  ],
  "check_results": null
}
